
Microsoft Visual Studio Solution File, Format Version 12.00
# Visual Studio Version 17
VisualStudioVersion = 17.14.36401.2 d17.14
MinimumVisualStudioVersion = 10.0.40219.1
Project("{2150E333-8FDC-42A3-9474-1A3956D46DE8}") = "src", "src", "{02EA681E-C7D8-13C7-8484-4AC65E1B71E8}"
EndProject
Project("{2150E333-8FDC-42A3-9474-1A3956D46DE8}") = "03.infrastructure", "03.infrastructure", "{5AC6DC05-EEC5-4D06-A3EE-8C88B16989B6}"
EndProject
Project("{2150E333-8FDC-42A3-9474-1A3956D46DE8}") = "02.Services", "02.Services", "{82AF437F-B606-48D4-AB2D-D0D405D18F74}"
EndProject
Project("{2150E333-8FDC-42A3-9474-1A3956D46DE8}") = "01.Domain", "01.Domain", "{FC7E6C8B-674D-402B-8EE8-9ABE44577C91}"
EndProject
Project("{2150E333-8FDC-42A3-9474-1A3956D46DE8}") = "04.Presentation", "04.Presentation", "{87592331-E656-48D3-80DF-38DA86221965}"
EndProject
Project("{FAE04EC0-301F-11D3-BF4B-00C04F79EFBC}") = "HW17.Services", "src\02.Services\HW17.Services\HW17.Services.csproj", "{D9780D7E-F29B-47F2-825F-FEF0CD6882CA}"
EndProject
Project("{FAE04EC0-301F-11D3-BF4B-00C04F79EFBC}") = "HW17.Infrastructure.EfCore", "src\03.infrastructure\HW17.Infrastructure.EfCore\HW17.Infrastructure.EfCore.csproj", "{F3359882-092F-4972-BC0B-EC3BE2020F6A}"
EndProject
Project("{FAE04EC0-301F-11D3-BF4B-00C04F79EFBC}") = "HW17.Domain", "src\01.Domain\HW17.Domain\HW17.Domain.csproj", "{FCA49713-0004-475B-A2FE-E7DF62E2E615}"
EndProject
Project("{FAE04EC0-301F-11D3-BF4B-00C04F79EFBC}") = "HW17.Presentation.ConsoleApp", "src\04.Presentation\HW17.Presentation.ConsoleApp\HW17.Presentation.ConsoleApp.csproj", "{8B714792-E299-468D-98F5-CECAFADF4615}"
EndProject
Project("{FAE04EC0-301F-11D3-BF4B-00C04F79EFBC}") = "HW17.Presentation.MVC", "src\04.Presentation\HW17.Presentation.MVC\HW17.Presentation.MVC.csproj", "{A132BBCF-818E-4E71-BD76-5C5652EAAF28}"
EndProject
Global
	GlobalSection(SolutionConfigurationPlatforms) = preSolution
		Debug|Any CPU = Debug|Any CPU
		Release|Any CPU = Release|Any CPU
	EndGlobalSection
	GlobalSection(ProjectConfigurationPlatforms) = postSolution
		{D9780D7E-F29B-47F2-825F-FEF0CD6882CA}.Debug|Any CPU.ActiveCfg = Debug|Any CPU
		{D9780D7E-F29B-47F2-825F-FEF0CD6882CA}.Debug|Any CPU.Build.0 = Debug|Any CPU
		{D9780D7E-F29B-47F2-825F-FEF0CD6882CA}.Release|Any CPU.ActiveCfg = Release|Any CPU
		{D9780D7E-F29B-47F2-825F-FEF0CD6882CA}.Release|Any CPU.Build.0 = Release|Any CPU
		{F3359882-092F-4972-BC0B-EC3BE2020F6A}.Debug|Any CPU.ActiveCfg = Debug|Any CPU
		{F3359882-092F-4972-BC0B-EC3BE2020F6A}.Debug|Any CPU.Build.0 = Debug|Any CPU
		{F3359882-092F-4972-BC0B-EC3BE2020F6A}.Release|Any CPU.ActiveCfg = Release|Any CPU
		{F3359882-092F-4972-BC0B-EC3BE2020F6A}.Release|Any CPU.Build.0 = Release|Any CPU
		{FCA49713-0004-475B-A2FE-E7DF62E2E615}.Debug|Any CPU.ActiveCfg = Debug|Any CPU
		{FCA49713-0004-475B-A2FE-E7DF62E2E615}.Debug|Any CPU.Build.0 = Debug|Any CPU
		{FCA49713-0004-475B-A2FE-E7DF62E2E615}.Release|Any CPU.ActiveCfg = Release|Any CPU
		{FCA49713-0004-475B-A2FE-E7DF62E2E615}.Release|Any CPU.Build.0 = Release|Any CPU
		{8B714792-E299-468D-98F5-CECAFADF4615}.Debug|Any CPU.ActiveCfg = Debug|Any CPU
		{8B714792-E299-468D-98F5-CECAFADF4615}.Debug|Any CPU.Build.0 = Debug|Any CPU
		{8B714792-E299-468D-98F5-CECAFADF4615}.Release|Any CPU.ActiveCfg = Release|Any CPU
		{8B714792-E299-468D-98F5-CECAFADF4615}.Release|Any CPU.Build.0 = Release|Any CPU
		{A132BBCF-818E-4E71-BD76-5C5652EAAF28}.Debug|Any CPU.ActiveCfg = Debug|Any CPU
		{A132BBCF-818E-4E71-BD76-5C5652EAAF28}.Debug|Any CPU.Build.0 = Debug|Any CPU
		{A132BBCF-818E-4E71-BD76-5C5652EAAF28}.Release|Any CPU.ActiveCfg = Release|Any CPU
		{A132BBCF-818E-4E71-BD76-5C5652EAAF28}.Release|Any CPU.Build.0 = Release|Any CPU
	EndGlobalSection
	GlobalSection(SolutionProperties) = preSolution
		HideSolutionNode = FALSE
	EndGlobalSection
	GlobalSection(NestedProjects) = preSolution
		{5AC6DC05-EEC5-4D06-A3EE-8C88B16989B6} = {02EA681E-C7D8-13C7-8484-4AC65E1B71E8}
		{82AF437F-B606-48D4-AB2D-D0D405D18F74} = {02EA681E-C7D8-13C7-8484-4AC65E1B71E8}
		{FC7E6C8B-674D-402B-8EE8-9ABE44577C91} = {02EA681E-C7D8-13C7-8484-4AC65E1B71E8}
		{87592331-E656-48D3-80DF-38DA86221965} = {02EA681E-C7D8-13C7-8484-4AC65E1B71E8}
		{D9780D7E-F29B-47F2-825F-FEF0CD6882CA} = {82AF437F-B606-48D4-AB2D-D0D405D18F74}
		{F3359882-092F-4972-BC0B-EC3BE2020F6A} = {5AC6DC05-EEC5-4D06-A3EE-8C88B16989B6}
		{FCA49713-0004-475B-A2FE-E7DF62E2E615} = {FC7E6C8B-674D-402B-8EE8-9ABE44577C91}
		{8B714792-E299-468D-98F5-CECAFADF4615} = {87592331-E656-48D3-80DF-38DA86221965}
		{A132BBCF-818E-4E71-BD76-5C5652EAAF28} = {87592331-E656-48D3-80DF-38DA86221965}
	EndGlobalSection
	GlobalSection(ExtensibilityGlobals) = postSolution
		SolutionGuid = {8932D45D-880D-4B2D-B709-E90DEA1033B0}
	EndGlobalSection
EndGlobal
