
Microsoft Visual Studio Solution File, Format Version 12.00
# Visual Studio Version 17
VisualStudioVersion = 17.14.36401.2
MinimumVisualStudioVersion = 10.0.40219.1
Project("{2150E333-8FDC-42A3-9474-1A3956D46DE8}") = "src", "src", "{02EA681E-C7D8-13C7-8484-4AC65E1B71E8}"
EndProject
Project("{2150E333-8FDC-42A3-9474-1A3956D46DE8}") = "03.infrastructure", "03.infrastructure", "{5AC6DC05-EEC5-4D06-A3EE-8C88B16989B6}"
EndProject
Project("{2150E333-8FDC-42A3-9474-1A3956D46DE8}") = "01.Domain", "01.Domain", "{FC7E6C8B-674D-402B-8EE8-9ABE44577C91}"
EndProject
Project("{2150E333-8FDC-42A3-9474-1A3956D46DE8}") = "04.Presentation", "04.Presentation", "{87592331-E656-48D3-80DF-38DA86221965}"
EndProject
Project("{2150E333-8FDC-42A3-9474-1A3956D46DE8}") = "00.Framework", "00.Framework", "{2F81E6B9-BACF-4A72-BF1D-D4E79BFF7F38}"
EndProject
Project("{FAE04EC0-301F-11D3-BF4B-00C04F79EFBC}") = "HW17.Framework", "src\00.Framework\HW17.Framework\HW17.Framework.csproj", "{3FE497F5-8778-491B-B1FA-DB656D5D0E4C}"
EndProject
Project("{2150E333-8FDC-42A3-9474-1A3956D46DE8}") = "Data Access", "Data Access", "{464C5A32-D024-4B8E-9C37-A39EC62A2C12}"
EndProject
Project("{2150E333-8FDC-42A3-9474-1A3956D46DE8}") = "Db", "Db", "{E4C06976-9A62-4161-8F3B-E37DEDCBC512}"
EndProject
Project("{2150E333-8FDC-42A3-9474-1A3956D46DE8}") = "Core", "Core", "{AF25D3B6-3070-480D-8C6D-78DEEFCCDA22}"
EndProject
Project("{2150E333-8FDC-42A3-9474-1A3956D46DE8}") = "Services", "Services", "{7D131557-8250-4058-9D10-7FDB353F52CB}"
EndProject
Project("{FAE04EC0-301F-11D3-BF4B-00C04F79EFBC}") = "HW17.Domain.Core", "src\01.Domain\HW17.Domain.Core\HW17.Domain.Core.csproj", "{E066C798-4E38-921D-B34D-3858CDBF3B57}"
EndProject
Project("{FAE04EC0-301F-11D3-BF4B-00C04F79EFBC}") = "HW17.Domain.Services", "src\01.Domain\HW17.Domain.Services\HW17.Domain.Services.csproj", "{1EC534E9-EEA0-C9A7-0997-DF4C2C2A5BE8}"
EndProject
Project("{FAE04EC0-301F-11D3-BF4B-00C04F79EFBC}") = "HW17.Domain.AppServices", "src\01.Domain\HW17.Domain.AppService\HW17.Domain.AppServices.csproj", "{7FABA931-75C0-FC13-7AD7-DE11D7941B30}"
EndProject
Project("{FAE04EC0-301F-11D3-BF4B-00C04F79EFBC}") = "HW17.Infra.Data.Repos.Ef", "src\02.infrastructure\HW17.Infra.Data.Repos.Ef\HW17.Infra.Data.Repos.Ef.csproj", "{8EACC906-52CC-5089-82FB-4AB802D890B5}"
EndProject
Project("{FAE04EC0-301F-11D3-BF4B-00C04F79EFBC}") = "HW17.Presentation.MVC", "src\03.Presentation\HW17.Presentation.MVC\HW17.Presentation.MVC.csproj", "{9436DDAC-9512-B47C-7C1E-35AB2EF22ABC}"
EndProject
Project("{FAE04EC0-301F-11D3-BF4B-00C04F79EFBC}") = "HW17.Infra.DataAccess.Db.SqlServer.Ef", "src\02.infrastructure\HW17.Infra.DataAccess.Db.SqlServer.Ef\HW17.Infra.DataAccess.Db.SqlServer.Ef.csproj", "{F5355D48-15D2-9B94-1028-FA0E062B027C}"
EndProject
Global
	GlobalSection(SolutionConfigurationPlatforms) = preSolution
		Debug|Any CPU = Debug|Any CPU
		Release|Any CPU = Release|Any CPU
	EndGlobalSection
	GlobalSection(ProjectConfigurationPlatforms) = postSolution
		{3FE497F5-8778-491B-B1FA-DB656D5D0E4C}.Debug|Any CPU.ActiveCfg = Debug|Any CPU
		{3FE497F5-8778-491B-B1FA-DB656D5D0E4C}.Debug|Any CPU.Build.0 = Debug|Any CPU
		{3FE497F5-8778-491B-B1FA-DB656D5D0E4C}.Release|Any CPU.ActiveCfg = Release|Any CPU
		{3FE497F5-8778-491B-B1FA-DB656D5D0E4C}.Release|Any CPU.Build.0 = Release|Any CPU
		{E066C798-4E38-921D-B34D-3858CDBF3B57}.Debug|Any CPU.ActiveCfg = Debug|Any CPU
		{E066C798-4E38-921D-B34D-3858CDBF3B57}.Debug|Any CPU.Build.0 = Debug|Any CPU
		{E066C798-4E38-921D-B34D-3858CDBF3B57}.Release|Any CPU.ActiveCfg = Release|Any CPU
		{E066C798-4E38-921D-B34D-3858CDBF3B57}.Release|Any CPU.Build.0 = Release|Any CPU
		{1EC534E9-EEA0-C9A7-0997-DF4C2C2A5BE8}.Debug|Any CPU.ActiveCfg = Debug|Any CPU
		{1EC534E9-EEA0-C9A7-0997-DF4C2C2A5BE8}.Debug|Any CPU.Build.0 = Debug|Any CPU
		{1EC534E9-EEA0-C9A7-0997-DF4C2C2A5BE8}.Release|Any CPU.ActiveCfg = Release|Any CPU
		{1EC534E9-EEA0-C9A7-0997-DF4C2C2A5BE8}.Release|Any CPU.Build.0 = Release|Any CPU
		{7FABA931-75C0-FC13-7AD7-DE11D7941B30}.Debug|Any CPU.ActiveCfg = Debug|Any CPU
		{7FABA931-75C0-FC13-7AD7-DE11D7941B30}.Debug|Any CPU.Build.0 = Debug|Any CPU
		{7FABA931-75C0-FC13-7AD7-DE11D7941B30}.Release|Any CPU.ActiveCfg = Release|Any CPU
		{7FABA931-75C0-FC13-7AD7-DE11D7941B30}.Release|Any CPU.Build.0 = Release|Any CPU
		{8EACC906-52CC-5089-82FB-4AB802D890B5}.Debug|Any CPU.ActiveCfg = Debug|Any CPU
		{8EACC906-52CC-5089-82FB-4AB802D890B5}.Debug|Any CPU.Build.0 = Debug|Any CPU
		{8EACC906-52CC-5089-82FB-4AB802D890B5}.Release|Any CPU.ActiveCfg = Release|Any CPU
		{8EACC906-52CC-5089-82FB-4AB802D890B5}.Release|Any CPU.Build.0 = Release|Any CPU
		{9436DDAC-9512-B47C-7C1E-35AB2EF22ABC}.Debug|Any CPU.ActiveCfg = Debug|Any CPU
		{9436DDAC-9512-B47C-7C1E-35AB2EF22ABC}.Debug|Any CPU.Build.0 = Debug|Any CPU
		{9436DDAC-9512-B47C-7C1E-35AB2EF22ABC}.Release|Any CPU.ActiveCfg = Release|Any CPU
		{9436DDAC-9512-B47C-7C1E-35AB2EF22ABC}.Release|Any CPU.Build.0 = Release|Any CPU
		{F5355D48-15D2-9B94-1028-FA0E062B027C}.Debug|Any CPU.ActiveCfg = Debug|Any CPU
		{F5355D48-15D2-9B94-1028-FA0E062B027C}.Debug|Any CPU.Build.0 = Debug|Any CPU
		{F5355D48-15D2-9B94-1028-FA0E062B027C}.Release|Any CPU.ActiveCfg = Release|Any CPU
		{F5355D48-15D2-9B94-1028-FA0E062B027C}.Release|Any CPU.Build.0 = Release|Any CPU
	EndGlobalSection
	GlobalSection(SolutionProperties) = preSolution
		HideSolutionNode = FALSE
	EndGlobalSection
	GlobalSection(NestedProjects) = preSolution
		{5AC6DC05-EEC5-4D06-A3EE-8C88B16989B6} = {02EA681E-C7D8-13C7-8484-4AC65E1B71E8}
		{FC7E6C8B-674D-402B-8EE8-9ABE44577C91} = {02EA681E-C7D8-13C7-8484-4AC65E1B71E8}
		{87592331-E656-48D3-80DF-38DA86221965} = {02EA681E-C7D8-13C7-8484-4AC65E1B71E8}
		{2F81E6B9-BACF-4A72-BF1D-D4E79BFF7F38} = {02EA681E-C7D8-13C7-8484-4AC65E1B71E8}
		{3FE497F5-8778-491B-B1FA-DB656D5D0E4C} = {2F81E6B9-BACF-4A72-BF1D-D4E79BFF7F38}
		{464C5A32-D024-4B8E-9C37-A39EC62A2C12} = {5AC6DC05-EEC5-4D06-A3EE-8C88B16989B6}
		{E4C06976-9A62-4161-8F3B-E37DEDCBC512} = {5AC6DC05-EEC5-4D06-A3EE-8C88B16989B6}
		{AF25D3B6-3070-480D-8C6D-78DEEFCCDA22} = {FC7E6C8B-674D-402B-8EE8-9ABE44577C91}
		{7D131557-8250-4058-9D10-7FDB353F52CB} = {FC7E6C8B-674D-402B-8EE8-9ABE44577C91}
		{E066C798-4E38-921D-B34D-3858CDBF3B57} = {AF25D3B6-3070-480D-8C6D-78DEEFCCDA22}
		{1EC534E9-EEA0-C9A7-0997-DF4C2C2A5BE8} = {7D131557-8250-4058-9D10-7FDB353F52CB}
		{7FABA931-75C0-FC13-7AD7-DE11D7941B30} = {7D131557-8250-4058-9D10-7FDB353F52CB}
		{8EACC906-52CC-5089-82FB-4AB802D890B5} = {464C5A32-D024-4B8E-9C37-A39EC62A2C12}
		{9436DDAC-9512-B47C-7C1E-35AB2EF22ABC} = {87592331-E656-48D3-80DF-38DA86221965}
		{F5355D48-15D2-9B94-1028-FA0E062B027C} = {E4C06976-9A62-4161-8F3B-E37DEDCBC512}
	EndGlobalSection
	GlobalSection(ExtensibilityGlobals) = postSolution
		SolutionGuid = {8932D45D-880D-4B2D-B709-E90DEA1033B0}
	EndGlobalSection
EndGlobal
